// !$*UTF8*$!
{
	archiveVersion = 1;
	classes = {
	};
	objectVersion = 50;
	objects = {

/* Begin PBXBuildFile section */
		9A622D6A236A8D05003BB3B8 /* AppDelegate.swift in Sources */ = {isa = PBXBuildFile; fileRef = 9A622D69236A8D05003BB3B8 /* AppDelegate.swift */; };
		9A622D6C236A8D05003BB3B8 /* SceneDelegate.swift in Sources */ = {isa = PBXBuildFile; fileRef = 9A622D6B236A8D05003BB3B8 /* SceneDelegate.swift */; };
		9A622D6E236A8D05003BB3B8 /* PostView.swift in Sources */ = {isa = PBXBuildFile; fileRef = 9A622D6D236A8D05003BB3B8 /* PostView.swift */; };
		9A622D70236A8D06003BB3B8 /* Assets.xcassets in Resources */ = {isa = PBXBuildFile; fileRef = 9A622D6F236A8D06003BB3B8 /* Assets.xcassets */; };
		9A622D73236A8D06003BB3B8 /* Preview Assets.xcassets in Resources */ = {isa = PBXBuildFile; fileRef = 9A622D72236A8D06003BB3B8 /* Preview Assets.xcassets */; };
		9A622D76236A8D06003BB3B8 /* LaunchScreen.storyboard in Resources */ = {isa = PBXBuildFile; fileRef = 9A622D74236A8D06003BB3B8 /* LaunchScreen.storyboard */; };
		9A622D81236A8D06003BB3B8 /* SwiftUI_Basic_CombineTests.swift in Sources */ = {isa = PBXBuildFile; fileRef = 9A622D80236A8D06003BB3B8 /* SwiftUI_Basic_CombineTests.swift */; };
		9A622D8C236A8D06003BB3B8 /* SwiftUI_Basic_CombineUITests.swift in Sources */ = {isa = PBXBuildFile; fileRef = 9A622D8B236A8D06003BB3B8 /* SwiftUI_Basic_CombineUITests.swift */; };
		9A622D9D236A8E27003BB3B8 /* Model.swift in Sources */ = {isa = PBXBuildFile; fileRef = 9A622D9C236A8E27003BB3B8 /* Model.swift */; };
		9A622DA7236BDCED003BB3B8 /* APIService.swift in Sources */ = {isa = PBXBuildFile; fileRef = 9A622DA6236BDCED003BB3B8 /* APIService.swift */; };
		9A622DA9236BDE3B003BB3B8 /* APIServiceError.swift in Sources */ = {isa = PBXBuildFile; fileRef = 9A622DA8236BDE3B003BB3B8 /* APIServiceError.swift */; };
		9A622DAB236C08CF003BB3B8 /* PostViewModel.swift in Sources */ = {isa = PBXBuildFile; fileRef = 9A622DAA236C08CF003BB3B8 /* PostViewModel.swift */; };
		9A622DAD236C0AAE003BB3B8 /* PostRepositoryRequest.swift in Sources */ = {isa = PBXBuildFile; fileRef = 9A622DAC236C0AAE003BB3B8 /* PostRepositoryRequest.swift */; };
		9A78E9CD236FCE2A005EE9B1 /* LoadingView.swift in Sources */ = {isa = PBXBuildFile; fileRef = 9A78E9CC236FCE2A005EE9B1 /* LoadingView.swift */; };
/* End PBXBuildFile section */

/* Begin PBXContainerItemProxy section */
		9A622D7D236A8D06003BB3B8 /* PBXContainerItemProxy */ = {
			isa = PBXContainerItemProxy;
			containerPortal = 9A622D5E236A8D05003BB3B8 /* Project object */;
			proxyType = 1;
			remoteGlobalIDString = 9A622D65236A8D05003BB3B8;
			remoteInfo = "SwiftUI-Basic-Combine";
		};
		9A622D88236A8D06003BB3B8 /* PBXContainerItemProxy */ = {
			isa = PBXContainerItemProxy;
			containerPortal = 9A622D5E236A8D05003BB3B8 /* Project object */;
			proxyType = 1;
			remoteGlobalIDString = 9A622D65236A8D05003BB3B8;
			remoteInfo = "SwiftUI-Basic-Combine";
		};
/* End PBXContainerItemProxy section */

/* Begin PBXFileReference section */
		9A622D66236A8D05003BB3B8 /* SwiftUI-Basic-Combine.app */ = {isa = PBXFileReference; explicitFileType = wrapper.application; includeInIndex = 0; path = "SwiftUI-Basic-Combine.app"; sourceTree = BUILT_PRODUCTS_DIR; };
		9A622D69236A8D05003BB3B8 /* AppDelegate.swift */ = {isa = PBXFileReference; lastKnownFileType = sourcecode.swift; path = AppDelegate.swift; sourceTree = "<group>"; };
		9A622D6B236A8D05003BB3B8 /* SceneDelegate.swift */ = {isa = PBXFileReference; lastKnownFileType = sourcecode.swift; path = SceneDelegate.swift; sourceTree = "<group>"; };
		9A622D6D236A8D05003BB3B8 /* PostView.swift */ = {isa = PBXFileReference; lastKnownFileType = sourcecode.swift; path = PostView.swift; sourceTree = "<group>"; };
		9A622D6F236A8D06003BB3B8 /* Assets.xcassets */ = {isa = PBXFileReference; lastKnownFileType = folder.assetcatalog; path = Assets.xcassets; sourceTree = "<group>"; };
		9A622D72236A8D06003BB3B8 /* Preview Assets.xcassets */ = {isa = PBXFileReference; lastKnownFileType = folder.assetcatalog; path = "Preview Assets.xcassets"; sourceTree = "<group>"; };
		9A622D75236A8D06003BB3B8 /* Base */ = {isa = PBXFileReference; lastKnownFileType = file.storyboard; name = Base; path = Base.lproj/LaunchScreen.storyboard; sourceTree = "<group>"; };
		9A622D77236A8D06003BB3B8 /* Info.plist */ = {isa = PBXFileReference; lastKnownFileType = text.plist.xml; path = Info.plist; sourceTree = "<group>"; };
		9A622D7C236A8D06003BB3B8 /* SwiftUI-Basic-CombineTests.xctest */ = {isa = PBXFileReference; explicitFileType = wrapper.cfbundle; includeInIndex = 0; path = "SwiftUI-Basic-CombineTests.xctest"; sourceTree = BUILT_PRODUCTS_DIR; };
		9A622D80236A8D06003BB3B8 /* SwiftUI_Basic_CombineTests.swift */ = {isa = PBXFileReference; lastKnownFileType = sourcecode.swift; path = SwiftUI_Basic_CombineTests.swift; sourceTree = "<group>"; };
		9A622D82236A8D06003BB3B8 /* Info.plist */ = {isa = PBXFileReference; lastKnownFileType = text.plist.xml; path = Info.plist; sourceTree = "<group>"; };
		9A622D87236A8D06003BB3B8 /* SwiftUI-Basic-CombineUITests.xctest */ = {isa = PBXFileReference; explicitFileType = wrapper.cfbundle; includeInIndex = 0; path = "SwiftUI-Basic-CombineUITests.xctest"; sourceTree = BUILT_PRODUCTS_DIR; };
		9A622D8B236A8D06003BB3B8 /* SwiftUI_Basic_CombineUITests.swift */ = {isa = PBXFileReference; lastKnownFileType = sourcecode.swift; path = SwiftUI_Basic_CombineUITests.swift; sourceTree = "<group>"; };
		9A622D8D236A8D06003BB3B8 /* Info.plist */ = {isa = PBXFileReference; lastKnownFileType = text.plist.xml; path = Info.plist; sourceTree = "<group>"; };
		9A622D9C236A8E27003BB3B8 /* Model.swift */ = {isa = PBXFileReference; lastKnownFileType = sourcecode.swift; path = Model.swift; sourceTree = "<group>"; };
		9A622DA6236BDCED003BB3B8 /* APIService.swift */ = {isa = PBXFileReference; lastKnownFileType = sourcecode.swift; path = APIService.swift; sourceTree = "<group>"; };
		9A622DA8236BDE3B003BB3B8 /* APIServiceError.swift */ = {isa = PBXFileReference; lastKnownFileType = sourcecode.swift; path = APIServiceError.swift; sourceTree = "<group>"; };
		9A622DAA236C08CF003BB3B8 /* PostViewModel.swift */ = {isa = PBXFileReference; lastKnownFileType = sourcecode.swift; path = PostViewModel.swift; sourceTree = "<group>"; };
		9A622DAC236C0AAE003BB3B8 /* PostRepositoryRequest.swift */ = {isa = PBXFileReference; lastKnownFileType = sourcecode.swift; path = PostRepositoryRequest.swift; sourceTree = "<group>"; };
		9A78E9CC236FCE2A005EE9B1 /* LoadingView.swift */ = {isa = PBXFileReference; lastKnownFileType = sourcecode.swift; path = LoadingView.swift; sourceTree = "<group>"; };
/* End PBXFileReference section */

/* Begin PBXFrameworksBuildPhase section */
		9A622D63236A8D05003BB3B8 /* Frameworks */ = {
			isa = PBXFrameworksBuildPhase;
			buildActionMask = 2147483647;
			files = (
			);
			runOnlyForDeploymentPostprocessing = 0;
		};
		9A622D79236A8D06003BB3B8 /* Frameworks */ = {
			isa = PBXFrameworksBuildPhase;
			buildActionMask = 2147483647;
			files = (
			);
			runOnlyForDeploymentPostprocessing = 0;
		};
		9A622D84236A8D06003BB3B8 /* Frameworks */ = {
			isa = PBXFrameworksBuildPhase;
			buildActionMask = 2147483647;
			files = (
			);
			runOnlyForDeploymentPostprocessing = 0;
		};
/* End PBXFrameworksBuildPhase section */

/* Begin PBXGroup section */
		9A622D5D236A8D05003BB3B8 = {
			isa = PBXGroup;
			children = (
				9A622D68236A8D05003BB3B8 /* SwiftUI-Basic-Combine */,
				9A622D7F236A8D06003BB3B8 /* SwiftUI-Basic-CombineTests */,
				9A622D8A236A8D06003BB3B8 /* SwiftUI-Basic-CombineUITests */,
				9A622D67236A8D05003BB3B8 /* Products */,
			);
			sourceTree = "<group>";
		};
		9A622D67236A8D05003BB3B8 /* Products */ = {
			isa = PBXGroup;
			children = (
				9A622D66236A8D05003BB3B8 /* SwiftUI-Basic-Combine.app */,
				9A622D7C236A8D06003BB3B8 /* SwiftUI-Basic-CombineTests.xctest */,
				9A622D87236A8D06003BB3B8 /* SwiftUI-Basic-CombineUITests.xctest */,
			);
			name = Products;
			sourceTree = "<group>";
		};
		9A622D68236A8D05003BB3B8 /* SwiftUI-Basic-Combine */ = {
			isa = PBXGroup;
			children = (
				9A622D9E236A8F18003BB3B8 /* API */,
				9A622D9B236A8DBC003BB3B8 /* Model */,
				9A622DA5236BDCAB003BB3B8 /* ViewModel */,
				9A622D9A236A8D22003BB3B8 /* View */,
				9A622D99236A8D15003BB3B8 /* Supporting Files */,
				9A622D71236A8D06003BB3B8 /* Preview Content */,
			);
			path = "SwiftUI-Basic-Combine";
			sourceTree = "<group>";
		};
		9A622D71236A8D06003BB3B8 /* Preview Content */ = {
			isa = PBXGroup;
			children = (
				9A622D72236A8D06003BB3B8 /* Preview Assets.xcassets */,
			);
			path = "Preview Content";
			sourceTree = "<group>";
		};
		9A622D7F236A8D06003BB3B8 /* SwiftUI-Basic-CombineTests */ = {
			isa = PBXGroup;
			children = (
				9A622D80236A8D06003BB3B8 /* SwiftUI_Basic_CombineTests.swift */,
				9A622D82236A8D06003BB3B8 /* Info.plist */,
			);
			path = "SwiftUI-Basic-CombineTests";
			sourceTree = "<group>";
		};
		9A622D8A236A8D06003BB3B8 /* SwiftUI-Basic-CombineUITests */ = {
			isa = PBXGroup;
			children = (
				9A622D8B236A8D06003BB3B8 /* SwiftUI_Basic_CombineUITests.swift */,
				9A622D8D236A8D06003BB3B8 /* Info.plist */,
			);
			path = "SwiftUI-Basic-CombineUITests";
			sourceTree = "<group>";
		};
		9A622D99236A8D15003BB3B8 /* Supporting Files */ = {
			isa = PBXGroup;
			children = (
				9A622D69236A8D05003BB3B8 /* AppDelegate.swift */,
				9A622D6B236A8D05003BB3B8 /* SceneDelegate.swift */,
				9A622D6F236A8D06003BB3B8 /* Assets.xcassets */,
				9A622D74236A8D06003BB3B8 /* LaunchScreen.storyboard */,
				9A622D77236A8D06003BB3B8 /* Info.plist */,
			);
			path = "Supporting Files";
			sourceTree = "<group>";
		};
		9A622D9A236A8D22003BB3B8 /* View */ = {
			isa = PBXGroup;
			children = (
				9A622D6D236A8D05003BB3B8 /* PostView.swift */,
				9A78E9CC236FCE2A005EE9B1 /* LoadingView.swift */,
			);
			path = View;
			sourceTree = "<group>";
		};
		9A622D9B236A8DBC003BB3B8 /* Model */ = {
			isa = PBXGroup;
			children = (
				9A622D9C236A8E27003BB3B8 /* Model.swift */,
			);
			path = Model;
			sourceTree = "<group>";
		};
		9A622D9E236A8F18003BB3B8 /* API */ = {
			isa = PBXGroup;
			children = (
				9A622DA6236BDCED003BB3B8 /* APIService.swift */,
				9A622DA8236BDE3B003BB3B8 /* APIServiceError.swift */,
				9A622DAC236C0AAE003BB3B8 /* PostRepositoryRequest.swift */,
			);
			path = API;
			sourceTree = "<group>";
		};
		9A622DA5236BDCAB003BB3B8 /* ViewModel */ = {
			isa = PBXGroup;
			children = (
				9A622DAA236C08CF003BB3B8 /* PostViewModel.swift */,
			);
			path = ViewModel;
			sourceTree = "<group>";
		};
/* End PBXGroup section */

/* Begin PBXNativeTarget section */
		9A622D65236A8D05003BB3B8 /* SwiftUI-Basic-Combine */ = {
			isa = PBXNativeTarget;
			buildConfigurationList = 9A622D90236A8D06003BB3B8 /* Build configuration list for PBXNativeTarget "SwiftUI-Basic-Combine" */;
			buildPhases = (
				9A622D62236A8D05003BB3B8 /* Sources */,
				9A622D63236A8D05003BB3B8 /* Frameworks */,
				9A622D64236A8D05003BB3B8 /* Resources */,
			);
			buildRules = (
			);
			dependencies = (
			);
			name = "SwiftUI-Basic-Combine";
			productName = "SwiftUI-Basic-Combine";
			productReference = 9A622D66236A8D05003BB3B8 /* SwiftUI-Basic-Combine.app */;
			productType = "com.apple.product-type.application";
		};
		9A622D7B236A8D06003BB3B8 /* SwiftUI-Basic-CombineTests */ = {
			isa = PBXNativeTarget;
			buildConfigurationList = 9A622D93236A8D06003BB3B8 /* Build configuration list for PBXNativeTarget "SwiftUI-Basic-CombineTests" */;
			buildPhases = (
				9A622D78236A8D06003BB3B8 /* Sources */,
				9A622D79236A8D06003BB3B8 /* Frameworks */,
				9A622D7A236A8D06003BB3B8 /* Resources */,
			);
			buildRules = (
			);
			dependencies = (
				9A622D7E236A8D06003BB3B8 /* PBXTargetDependency */,
			);
			name = "SwiftUI-Basic-CombineTests";
			productName = "SwiftUI-Basic-CombineTests";
			productReference = 9A622D7C236A8D06003BB3B8 /* SwiftUI-Basic-CombineTests.xctest */;
			productType = "com.apple.product-type.bundle.unit-test";
		};
		9A622D86236A8D06003BB3B8 /* SwiftUI-Basic-CombineUITests */ = {
			isa = PBXNativeTarget;
			buildConfigurationList = 9A622D96236A8D06003BB3B8 /* Build configuration list for PBXNativeTarget "SwiftUI-Basic-CombineUITests" */;
			buildPhases = (
				9A622D83236A8D06003BB3B8 /* Sources */,
				9A622D84236A8D06003BB3B8 /* Frameworks */,
				9A622D85236A8D06003BB3B8 /* Resources */,
			);
			buildRules = (
			);
			dependencies = (
				9A622D89236A8D06003BB3B8 /* PBXTargetDependency */,
			);
			name = "SwiftUI-Basic-CombineUITests";
			productName = "SwiftUI-Basic-CombineUITests";
			productReference = 9A622D87236A8D06003BB3B8 /* SwiftUI-Basic-CombineUITests.xctest */;
			productType = "com.apple.product-type.bundle.ui-testing";
		};
/* End PBXNativeTarget section */

/* Begin PBXProject section */
		9A622D5E236A8D05003BB3B8 /* Project object */ = {
			isa = PBXProject;
			attributes = {
				LastSwiftUpdateCheck = 1110;
				LastUpgradeCheck = 1110;
				ORGANIZATIONNAME = buckner;
				TargetAttributes = {
					9A622D65236A8D05003BB3B8 = {
						CreatedOnToolsVersion = 11.1;
					};
					9A622D7B236A8D06003BB3B8 = {
						CreatedOnToolsVersion = 11.1;
						TestTargetID = 9A622D65236A8D05003BB3B8;
					};
					9A622D86236A8D06003BB3B8 = {
						CreatedOnToolsVersion = 11.1;
						TestTargetID = 9A622D65236A8D05003BB3B8;
					};
				};
			};
			buildConfigurationList = 9A622D61236A8D05003BB3B8 /* Build configuration list for PBXProject "SwiftUI-Basic-Combine" */;
			compatibilityVersion = "Xcode 9.3";
			developmentRegion = en;
			hasScannedForEncodings = 0;
			knownRegions = (
				en,
				Base,
			);
			mainGroup = 9A622D5D236A8D05003BB3B8;
			productRefGroup = 9A622D67236A8D05003BB3B8 /* Products */;
			projectDirPath = "";
			projectRoot = "";
			targets = (
				9A622D65236A8D05003BB3B8 /* SwiftUI-Basic-Combine */,
				9A622D7B236A8D06003BB3B8 /* SwiftUI-Basic-CombineTests */,
				9A622D86236A8D06003BB3B8 /* SwiftUI-Basic-CombineUITests */,
			);
		};
/* End PBXProject section */

/* Begin PBXResourcesBuildPhase section */
		9A622D64236A8D05003BB3B8 /* Resources */ = {
			isa = PBXResourcesBuildPhase;
			buildActionMask = 2147483647;
			files = (
				9A622D76236A8D06003BB3B8 /* LaunchScreen.storyboard in Resources */,
				9A622D73236A8D06003BB3B8 /* Preview Assets.xcassets in Resources */,
				9A622D70236A8D06003BB3B8 /* Assets.xcassets in Resources */,
			);
			runOnlyForDeploymentPostprocessing = 0;
		};
		9A622D7A236A8D06003BB3B8 /* Resources */ = {
			isa = PBXResourcesBuildPhase;
			buildActionMask = 2147483647;
			files = (
			);
			runOnlyForDeploymentPostprocessing = 0;
		};
		9A622D85236A8D06003BB3B8 /* Resources */ = {
			isa = PBXResourcesBuildPhase;
			buildActionMask = 2147483647;
			files = (
			);
			runOnlyForDeploymentPostprocessing = 0;
		};
/* End PBXResourcesBuildPhase section */

/* Begin PBXSourcesBuildPhase section */
		9A622D62236A8D05003BB3B8 /* Sources */ = {
			isa = PBXSourcesBuildPhase;
			buildActionMask = 2147483647;
			files = (
				9A622DAB236C08CF003BB3B8 /* PostViewModel.swift in Sources */,
				9A622DAD236C0AAE003BB3B8 /* PostRepositoryRequest.swift in Sources */,
				9A622D6A236A8D05003BB3B8 /* AppDelegate.swift in Sources */,
				9A622DA9236BDE3B003BB3B8 /* APIServiceError.swift in Sources */,
				9A622D6C236A8D05003BB3B8 /* SceneDelegate.swift in Sources */,
				9A622D6E236A8D05003BB3B8 /* PostView.swift in Sources */,
				9A622DA7236BDCED003BB3B8 /* APIService.swift in Sources */,
				9A622D9D236A8E27003BB3B8 /* Model.swift in Sources */,
				9A78E9CD236FCE2A005EE9B1 /* LoadingView.swift in Sources */,
			);
			runOnlyForDeploymentPostprocessing = 0;
		};
		9A622D78236A8D06003BB3B8 /* Sources */ = {
			isa = PBXSourcesBuildPhase;
			buildActionMask = 2147483647;
			files = (
				9A622D81236A8D06003BB3B8 /* SwiftUI_Basic_CombineTests.swift in Sources */,
			);
			runOnlyForDeploymentPostprocessing = 0;
		};
		9A622D83236A8D06003BB3B8 /* Sources */ = {
			isa = PBXSourcesBuildPhase;
			buildActionMask = 2147483647;
			files = (
				9A622D8C236A8D06003BB3B8 /* SwiftUI_Basic_CombineUITests.swift in Sources */,
			);
			runOnlyForDeploymentPostprocessing = 0;
		};
/* End PBXSourcesBuildPhase section */

/* Begin PBXTargetDependency section */
		9A622D7E236A8D06003BB3B8 /* PBXTargetDependency */ = {
			isa = PBXTargetDependency;
			target = 9A622D65236A8D05003BB3B8 /* SwiftUI-Basic-Combine */;
			targetProxy = 9A622D7D236A8D06003BB3B8 /* PBXContainerItemProxy */;
		};
		9A622D89236A8D06003BB3B8 /* PBXTargetDependency */ = {
			isa = PBXTargetDependency;
			target = 9A622D65236A8D05003BB3B8 /* SwiftUI-Basic-Combine */;
			targetProxy = 9A622D88236A8D06003BB3B8 /* PBXContainerItemProxy */;
		};
/* End PBXTargetDependency section */

/* Begin PBXVariantGroup section */
		9A622D74236A8D06003BB3B8 /* LaunchScreen.storyboard */ = {
			isa = PBXVariantGroup;
			children = (
				9A622D75236A8D06003BB3B8 /* Base */,
			);
			name = LaunchScreen.storyboard;
			sourceTree = "<group>";
		};
/* End PBXVariantGroup section */

/* Begin XCBuildConfiguration section */
		9A622D8E236A8D06003BB3B8 /* Debug */ = {
			isa = XCBuildConfiguration;
			buildSettings = {
				ALWAYS_SEARCH_USER_PATHS = NO;
				CLANG_ANALYZER_NONNULL = YES;
				CLANG_ANALYZER_NUMBER_OBJECT_CONVERSION = YES_AGGRESSIVE;
				CLANG_CXX_LANGUAGE_STANDARD = "gnu++14";
				CLANG_CXX_LIBRARY = "libc++";
				CLANG_ENABLE_MODULES = YES;
				CLANG_ENABLE_OBJC_ARC = YES;
				CLANG_ENABLE_OBJC_WEAK = YES;
				CLANG_WARN_BLOCK_CAPTURE_AUTORELEASING = YES;
				CLANG_WARN_BOOL_CONVERSION = YES;
				CLANG_WARN_COMMA = YES;
				CLANG_WARN_CONSTANT_CONVERSION = YES;
				CLANG_WARN_DEPRECATED_OBJC_IMPLEMENTATIONS = YES;
				CLANG_WARN_DIRECT_OBJC_ISA_USAGE = YES_ERROR;
				CLANG_WARN_DOCUMENTATION_COMMENTS = YES;
				CLANG_WARN_EMPTY_BODY = YES;
				CLANG_WARN_ENUM_CONVERSION = YES;
				CLANG_WARN_INFINITE_RECURSION = YES;
				CLANG_WARN_INT_CONVERSION = YES;
				CLANG_WARN_NON_LITERAL_NULL_CONVERSION = YES;
				CLANG_WARN_OBJC_IMPLICIT_RETAIN_SELF = YES;
				CLANG_WARN_OBJC_LITERAL_CONVERSION = YES;
				CLANG_WARN_OBJC_ROOT_CLASS = YES_ERROR;
				CLANG_WARN_RANGE_LOOP_ANALYSIS = YES;
				CLANG_WARN_STRICT_PROTOTYPES = YES;
				CLANG_WARN_SUSPICIOUS_MOVE = YES;
				CLANG_WARN_UNGUARDED_AVAILABILITY = YES_AGGRESSIVE;
				CLANG_WARN_UNREACHABLE_CODE = YES;
				CLANG_WARN__DUPLICATE_METHOD_MATCH = YES;
				COPY_PHASE_STRIP = NO;
				DEBUG_INFORMATION_FORMAT = dwarf;
				ENABLE_STRICT_OBJC_MSGSEND = YES;
				ENABLE_TESTABILITY = YES;
				GCC_C_LANGUAGE_STANDARD = gnu11;
				GCC_DYNAMIC_NO_PIC = NO;
				GCC_NO_COMMON_BLOCKS = YES;
				GCC_OPTIMIZATION_LEVEL = 0;
				GCC_PREPROCESSOR_DEFINITIONS = (
					"DEBUG=1",
					"$(inherited)",
				);
				GCC_WARN_64_TO_32_BIT_CONVERSION = YES;
				GCC_WARN_ABOUT_RETURN_TYPE = YES_ERROR;
				GCC_WARN_UNDECLARED_SELECTOR = YES;
				GCC_WARN_UNINITIALIZED_AUTOS = YES_AGGRESSIVE;
				GCC_WARN_UNUSED_FUNCTION = YES;
				GCC_WARN_UNUSED_VARIABLE = YES;
				IPHONEOS_DEPLOYMENT_TARGET = 13.1;
				MTL_ENABLE_DEBUG_INFO = INCLUDE_SOURCE;
				MTL_FAST_MATH = YES;
				ONLY_ACTIVE_ARCH = YES;
				SDKROOT = iphoneos;
				SWIFT_ACTIVE_COMPILATION_CONDITIONS = DEBUG;
				SWIFT_OPTIMIZATION_LEVEL = "-Onone";
			};
			name = Debug;
		};
		9A622D8F236A8D06003BB3B8 /* Release */ = {
			isa = XCBuildConfiguration;
			buildSettings = {
				ALWAYS_SEARCH_USER_PATHS = NO;
				CLANG_ANALYZER_NONNULL = YES;
				CLANG_ANALYZER_NUMBER_OBJECT_CONVERSION = YES_AGGRESSIVE;
				CLANG_CXX_LANGUAGE_STANDARD = "gnu++14";
				CLANG_CXX_LIBRARY = "libc++";
				CLANG_ENABLE_MODULES = YES;
				CLANG_ENABLE_OBJC_ARC = YES;
				CLANG_ENABLE_OBJC_WEAK = YES;
				CLANG_WARN_BLOCK_CAPTURE_AUTORELEASING = YES;
				CLANG_WARN_BOOL_CONVERSION = YES;
				CLANG_WARN_COMMA = YES;
				CLANG_WARN_CONSTANT_CONVERSION = YES;
				CLANG_WARN_DEPRECATED_OBJC_IMPLEMENTATIONS = YES;
				CLANG_WARN_DIRECT_OBJC_ISA_USAGE = YES_ERROR;
				CLANG_WARN_DOCUMENTATION_COMMENTS = YES;
				CLANG_WARN_EMPTY_BODY = YES;
				CLANG_WARN_ENUM_CONVERSION = YES;
				CLANG_WARN_INFINITE_RECURSION = YES;
				CLANG_WARN_INT_CONVERSION = YES;
				CLANG_WARN_NON_LITERAL_NULL_CONVERSION = YES;
				CLANG_WARN_OBJC_IMPLICIT_RETAIN_SELF = YES;
				CLANG_WARN_OBJC_LITERAL_CONVERSION = YES;
				CLANG_WARN_OBJC_ROOT_CLASS = YES_ERROR;
				CLANG_WARN_RANGE_LOOP_ANALYSIS = YES;
				CLANG_WARN_STRICT_PROTOTYPES = YES;
				CLANG_WARN_SUSPICIOUS_MOVE = YES;
				CLANG_WARN_UNGUARDED_AVAILABILITY = YES_AGGRESSIVE;
				CLANG_WARN_UNREACHABLE_CODE = YES;
				CLANG_WARN__DUPLICATE_METHOD_MATCH = YES;
				COPY_PHASE_STRIP = NO;
				DEBUG_INFORMATION_FORMAT = "dwarf-with-dsym";
				ENABLE_NS_ASSERTIONS = NO;
				ENABLE_STRICT_OBJC_MSGSEND = YES;
				GCC_C_LANGUAGE_STANDARD = gnu11;
				GCC_NO_COMMON_BLOCKS = YES;
				GCC_WARN_64_TO_32_BIT_CONVERSION = YES;
				GCC_WARN_ABOUT_RETURN_TYPE = YES_ERROR;
				GCC_WARN_UNDECLARED_SELECTOR = YES;
				GCC_WARN_UNINITIALIZED_AUTOS = YES_AGGRESSIVE;
				GCC_WARN_UNUSED_FUNCTION = YES;
				GCC_WARN_UNUSED_VARIABLE = YES;
				IPHONEOS_DEPLOYMENT_TARGET = 13.1;
				MTL_ENABLE_DEBUG_INFO = NO;
				MTL_FAST_MATH = YES;
				SDKROOT = iphoneos;
				SWIFT_COMPILATION_MODE = wholemodule;
				SWIFT_OPTIMIZATION_LEVEL = "-O";
				VALIDATE_PRODUCT = YES;
			};
			name = Release;
		};
		9A622D91236A8D06003BB3B8 /* Debug */ = {
			isa = XCBuildConfiguration;
			buildSettings = {
				ASSETCATALOG_COMPILER_APPICON_NAME = AppIcon;
				CODE_SIGN_STYLE = Automatic;
				DEVELOPMENT_ASSET_PATHS = "\"SwiftUI-Basic-Combine/Preview Content\"";
				ENABLE_PREVIEWS = YES;
				INFOPLIST_FILE = "SwiftUI-Basic-Combine/Supporting Files/Info.plist";
				LD_RUNPATH_SEARCH_PATHS = (
					"$(inherited)",
					"@executable_path/Frameworks",
				);
				PRODUCT_BUNDLE_IDENTIFIER = "labu.labu.SwiftUI-Basic-Combine";
				PRODUCT_NAME = "$(TARGET_NAME)";
				SWIFT_VERSION = 5.0;
				TARGETED_DEVICE_FAMILY = "1,2";
			};
			name = Debug;
		};
		9A622D92236A8D06003BB3B8 /* Release */ = {
			isa = XCBuildConfiguration;
			buildSettings = {
				ASSETCATALOG_COMPILER_APPICON_NAME = AppIcon;
				CODE_SIGN_STYLE = Automatic;
				DEVELOPMENT_ASSET_PATHS = "\"SwiftUI-Basic-Combine/Preview Content\"";
				ENABLE_PREVIEWS = YES;
				INFOPLIST_FILE = "SwiftUI-Basic-Combine/Supporting Files/Info.plist";
				LD_RUNPATH_SEARCH_PATHS = (
					"$(inherited)",
					"@executable_path/Frameworks",
				);
				PRODUCT_BUNDLE_IDENTIFIER = "labu.labu.SwiftUI-Basic-Combine";
				PRODUCT_NAME = "$(TARGET_NAME)";
				SWIFT_VERSION = 5.0;
				TARGETED_DEVICE_FAMILY = "1,2";
			};
			name = Release;
		};
		9A622D94236A8D06003BB3B8 /* Debug */ = {
			isa = XCBuildConfiguration;
			buildSettings = {
				ALWAYS_EMBED_SWIFT_STANDARD_LIBRARIES = YES;
				BUNDLE_LOADER = "$(TEST_HOST)";
				CODE_SIGN_STYLE = Automatic;
				INFOPLIST_FILE = "SwiftUI-Basic-CombineTests/Info.plist";
				IPHONEOS_DEPLOYMENT_TARGET = 13.1;
				LD_RUNPATH_SEARCH_PATHS = (
					"$(inherited)",
					"@executable_path/Frameworks",
					"@loader_path/Frameworks",
				);
				PRODUCT_BUNDLE_IDENTIFIER = "labu.labu.SwiftUI-Basic-CombineTests";
				PRODUCT_NAME = "$(TARGET_NAME)";
				SWIFT_VERSION = 5.0;
				TARGETED_DEVICE_FAMILY = "1,2";
				TEST_HOST = "$(BUILT_PRODUCTS_DIR)/SwiftUI-Basic-Combine.app/SwiftUI-Basic-Combine";
			};
			name = Debug;
		};
		9A622D95236A8D06003BB3B8 /* Release */ = {
			isa = XCBuildConfiguration;
			buildSettings = {
				ALWAYS_EMBED_SWIFT_STANDARD_LIBRARIES = YES;
				BUNDLE_LOADER = "$(TEST_HOST)";
				CODE_SIGN_STYLE = Automatic;
				INFOPLIST_FILE = "SwiftUI-Basic-CombineTests/Info.plist";
				IPHONEOS_DEPLOYMENT_TARGET = 13.1;
				LD_RUNPATH_SEARCH_PATHS = (
					"$(inherited)",
					"@executable_path/Frameworks",
					"@loader_path/Frameworks",
				);
				PRODUCT_BUNDLE_IDENTIFIER = "labu.labu.SwiftUI-Basic-CombineTests";
				PRODUCT_NAME = "$(TARGET_NAME)";
				SWIFT_VERSION = 5.0;
				TARGETED_DEVICE_FAMILY = "1,2";
				TEST_HOST = "$(BUILT_PRODUCTS_DIR)/SwiftUI-Basic-Combine.app/SwiftUI-Basic-Combine";
			};
			name = Release;
		};
		9A622D97236A8D06003BB3B8 /* Debug */ = {
			isa = XCBuildConfiguration;
			buildSettings = {
				ALWAYS_EMBED_SWIFT_STANDARD_LIBRARIES = YES;
				CODE_SIGN_STYLE = Automatic;
				INFOPLIST_FILE = "SwiftUI-Basic-CombineUITests/Info.plist";
				LD_RUNPATH_SEARCH_PATHS = (
					"$(inherited)",
					"@executable_path/Frameworks",
					"@loader_path/Frameworks",
				);
				PRODUCT_BUNDLE_IDENTIFIER = "labu.labu.SwiftUI-Basic-CombineUITests";
				PRODUCT_NAME = "$(TARGET_NAME)";
				SWIFT_VERSION = 5.0;
				TARGETED_DEVICE_FAMILY = "1,2";
				TEST_TARGET_NAME = "SwiftUI-Basic-Combine";
			};
			name = Debug;
		};
		9A622D98236A8D06003BB3B8 /* Release */ = {
			isa = XCBuildConfiguration;
			buildSettings = {
				ALWAYS_EMBED_SWIFT_STANDARD_LIBRARIES = YES;
				CODE_SIGN_STYLE = Automatic;
				INFOPLIST_FILE = "SwiftUI-Basic-CombineUITests/Info.plist";
				LD_RUNPATH_SEARCH_PATHS = (
					"$(inherited)",
					"@executable_path/Frameworks",
					"@loader_path/Frameworks",
				);
				PRODUCT_BUNDLE_IDENTIFIER = "labu.labu.SwiftUI-Basic-CombineUITests";
				PRODUCT_NAME = "$(TARGET_NAME)";
				SWIFT_VERSION = 5.0;
				TARGETED_DEVICE_FAMILY = "1,2";
				TEST_TARGET_NAME = "SwiftUI-Basic-Combine";
			};
			name = Release;
		};
/* End XCBuildConfiguration section */

/* Begin XCConfigurationList section */
		9A622D61236A8D05003BB3B8 /* Build configuration list for PBXProject "SwiftUI-Basic-Combine" */ = {
			isa = XCConfigurationList;
			buildConfigurations = (
				9A622D8E236A8D06003BB3B8 /* Debug */,
				9A622D8F236A8D06003BB3B8 /* Release */,
			);
			defaultConfigurationIsVisible = 0;
			defaultConfigurationName = Release;
		};
		9A622D90236A8D06003BB3B8 /* Build configuration list for PBXNativeTarget "SwiftUI-Basic-Combine" */ = {
			isa = XCConfigurationList;
			buildConfigurations = (
				9A622D91236A8D06003BB3B8 /* Debug */,
				9A622D92236A8D06003BB3B8 /* Release */,
			);
			defaultConfigurationIsVisible = 0;
			defaultConfigurationName = Release;
		};
		9A622D93236A8D06003BB3B8 /* Build configuration list for PBXNativeTarget "SwiftUI-Basic-CombineTests" */ = {
			isa = XCConfigurationList;
			buildConfigurations = (
				9A622D94236A8D06003BB3B8 /* Debug */,
				9A622D95236A8D06003BB3B8 /* Release */,
			);
			defaultConfigurationIsVisible = 0;
			defaultConfigurationName = Release;
		};
		9A622D96236A8D06003BB3B8 /* Build configuration list for PBXNativeTarget "SwiftUI-Basic-CombineUITests" */ = {
			isa = XCConfigurationList;
			buildConfigurations = (
				9A622D97236A8D06003BB3B8 /* Debug */,
				9A622D98236A8D06003BB3B8 /* Release */,
			);
			defaultConfigurationIsVisible = 0;
			defaultConfigurationName = Release;
		};
/* End XCConfigurationList section */
	};
	rootObject = 9A622D5E236A8D05003BB3B8 /* Project object */;
}
